{
  "name": "@apozo/opencode-diagrammer-setup",
  "version": "0.1.0",
  "lockfileVersion": 3,
  "requires": true,
  "packages": {
    "": {
      "name": "@apozo/opencode-diagrammer-setup",
      "version": "0.1.0",
      "license": "MIT",
      "bin": {
        "opencode-diagrammer-setup": "index.js"
      },
      "engines": {
        "node": ">=20"
      }
    }
  }
}
