{
  "name": "sigilum-opencode-setup",
  "version": "1.0.0",
  "lockfileVersion": 3,
  "requires": true,
  "packages": {
    "": {
      "name": "sigilum-opencode-setup",
      "version": "1.0.0",
      "license": "MIT",
      "bin": {
        "sigilum-opencode-setup": "index.js"
      },
      "engines": {
        "node": ">=20"
      }
    }
  }
}
